
Microsoft Visual Studio Solution File, Format Version 12.00
# Visual Studio 15
VisualStudioVersion = 15.0.28307.421
MinimumVisualStudioVersion = 10.0.40219.1
Project("{FAE04EC0-301F-11D3-BF4B-00C04F79EFBC}") = "VuelingSchool.Presentation.Console", "VuelingSchool.Presentation.Console\VuelingSchool.Presentation.Console.csproj", "{12B4143B-07F3-4D41-BD48-9E6354ABBC52}"
EndProject
Project("{FAE04EC0-301F-11D3-BF4B-00C04F79EFBC}") = "VuelingSchool.DataAccess.Repository", "VuelingSchool.DataAccess.Repository\VuelingSchool.DataAccess.Repository.csproj", "{A692DE06-357A-4AB2-9448-A56250ECFEBB}"
EndProject
Project("{FAE04EC0-301F-11D3-BF4B-00C04F79EFBC}") = "VuelingSchool.Common.Library", "VuelingSchool.Common.Library\VuelingSchool.Common.Library.csproj", "{0FB8582B-D95B-4D73-98EB-9AC93A98761D}"
EndProject
Project("{2150E333-8FDC-42A3-9474-1A3956D46DE8}") = "PresentationTier", "PresentationTier", "{4259D0C2-B9EB-4769-AAED-0EA1986B983B}"
EndProject
Project("{2150E333-8FDC-42A3-9474-1A3956D46DE8}") = "DataAccessTier", "DataAccessTier", "{6F66AD33-73BB-47BC-B94A-AC92B068C8D8}"
EndProject
Project("{2150E333-8FDC-42A3-9474-1A3956D46DE8}") = "CommonTier", "CommonTier", "{1551C992-3FA7-44EA-81B1-5D9476F1B41F}"
EndProject
Project("{FAE04EC0-301F-11D3-BF4B-00C04F79EFBC}") = "VuelingSchool.DataAccess.RepositoryUnitTests", "VuelingSchool.DataAccess.RepositoryUnitTests\VuelingSchool.DataAccess.RepositoryUnitTests.csproj", "{F3BE7B2A-0C0F-4C64-8D6C-91981973B7D6}"
EndProject
Global
	GlobalSection(SolutionConfigurationPlatforms) = preSolution
		Debug|Any CPU = Debug|Any CPU
		Release|Any CPU = Release|Any CPU
	EndGlobalSection
	GlobalSection(ProjectConfigurationPlatforms) = postSolution
		{12B4143B-07F3-4D41-BD48-9E6354ABBC52}.Debug|Any CPU.ActiveCfg = Debug|Any CPU
		{12B4143B-07F3-4D41-BD48-9E6354ABBC52}.Debug|Any CPU.Build.0 = Debug|Any CPU
		{12B4143B-07F3-4D41-BD48-9E6354ABBC52}.Release|Any CPU.ActiveCfg = Release|Any CPU
		{12B4143B-07F3-4D41-BD48-9E6354ABBC52}.Release|Any CPU.Build.0 = Release|Any CPU
		{A692DE06-357A-4AB2-9448-A56250ECFEBB}.Debug|Any CPU.ActiveCfg = Debug|Any CPU
		{A692DE06-357A-4AB2-9448-A56250ECFEBB}.Debug|Any CPU.Build.0 = Debug|Any CPU
		{A692DE06-357A-4AB2-9448-A56250ECFEBB}.Release|Any CPU.ActiveCfg = Release|Any CPU
		{A692DE06-357A-4AB2-9448-A56250ECFEBB}.Release|Any CPU.Build.0 = Release|Any CPU
		{0FB8582B-D95B-4D73-98EB-9AC93A98761D}.Debug|Any CPU.ActiveCfg = Debug|Any CPU
		{0FB8582B-D95B-4D73-98EB-9AC93A98761D}.Debug|Any CPU.Build.0 = Debug|Any CPU
		{0FB8582B-D95B-4D73-98EB-9AC93A98761D}.Release|Any CPU.ActiveCfg = Release|Any CPU
		{0FB8582B-D95B-4D73-98EB-9AC93A98761D}.Release|Any CPU.Build.0 = Release|Any CPU
		{F3BE7B2A-0C0F-4C64-8D6C-91981973B7D6}.Debug|Any CPU.ActiveCfg = Debug|Any CPU
		{F3BE7B2A-0C0F-4C64-8D6C-91981973B7D6}.Debug|Any CPU.Build.0 = Debug|Any CPU
		{F3BE7B2A-0C0F-4C64-8D6C-91981973B7D6}.Release|Any CPU.ActiveCfg = Release|Any CPU
		{F3BE7B2A-0C0F-4C64-8D6C-91981973B7D6}.Release|Any CPU.Build.0 = Release|Any CPU
	EndGlobalSection
	GlobalSection(SolutionProperties) = preSolution
		HideSolutionNode = FALSE
	EndGlobalSection
	GlobalSection(NestedProjects) = preSolution
		{12B4143B-07F3-4D41-BD48-9E6354ABBC52} = {4259D0C2-B9EB-4769-AAED-0EA1986B983B}
		{A692DE06-357A-4AB2-9448-A56250ECFEBB} = {6F66AD33-73BB-47BC-B94A-AC92B068C8D8}
		{0FB8582B-D95B-4D73-98EB-9AC93A98761D} = {1551C992-3FA7-44EA-81B1-5D9476F1B41F}
		{F3BE7B2A-0C0F-4C64-8D6C-91981973B7D6} = {6F66AD33-73BB-47BC-B94A-AC92B068C8D8}
	EndGlobalSection
	GlobalSection(ExtensibilityGlobals) = postSolution
		SolutionGuid = {6D66759B-7693-49D4-94C9-5DF59989AD9E}
	EndGlobalSection
EndGlobal
